// !$*UTF8*$!
{
	archiveVersion = 1;
	classes = {
	};
	objectVersion = 77;
	objects = {

/* Begin PBXBuildFile section */
		A31E9D112F70000100A7A101 /* OneSignalFramework in Frameworks */ = {isa = PBXBuildFile; productRef = A31E9D122F70000100A7A101 /* OneSignalFramework */; };
		A31E9D142F70000100A7A101 /* OneSignalExtension in Frameworks */ = {isa = PBXBuildFile; productRef = A31E9D232F70000100A7A101 /* OneSignalExtension */; };
		A31E9D152F70000100A7A101 /* sunnad-iosNotificationServiceExtension.appex in Embed App Extensions */ = {isa = PBXBuildFile; fileRef = A31E9D172F70000100A7A101 /* sunnad-iosNotificationServiceExtension.appex */; settings = {ATTRIBUTES = (RemoveHeadersOnCopy, ); }; };
		47A6918B2F47B88900BC3F31 /* Supabase in Frameworks */ = {isa = PBXBuildFile; productRef = A1D9E801D7D14B9A8A5E1001 /* Supabase */; };
		47A69F1F2F4DE15800BC3F31 /* PostHog in Frameworks */ = {isa = PBXBuildFile; productRef = 47A69F1E2F4DE15800BC3F31 /* PostHog */; };
/* End PBXBuildFile section */

/* Begin PBXCopyFilesBuildPhase section */
		A31E9D192F70000100A7A101 /* Embed App Extensions */ = {
			isa = PBXCopyFilesBuildPhase;
			buildActionMask = 2147483647;
			dstPath = "";
			dstSubfolderSpec = 13;
			files = (
				A31E9D152F70000100A7A101 /* sunnad-iosNotificationServiceExtension.appex in Embed App Extensions */,
			);
			name = "Embed App Extensions";
			runOnlyForDeploymentPostprocessing = 0;
		};
/* End PBXCopyFilesBuildPhase section */

/* Begin PBXContainerItemProxy section */
		47C8D7292F44B4DD006F8DF3 /* PBXContainerItemProxy */ = {
			isa = PBXContainerItemProxy;
			containerPortal = 47C8D7112F44B4DC006F8DF3 /* Project object */;
			proxyType = 1;
			remoteGlobalIDString = 47C8D7182F44B4DC006F8DF3;
			remoteInfo = "sunnad-ios";
		};
		47C8D7332F44B4DD006F8DF3 /* PBXContainerItemProxy */ = {
			isa = PBXContainerItemProxy;
			containerPortal = 47C8D7112F44B4DC006F8DF3 /* Project object */;
			proxyType = 1;
			remoteGlobalIDString = 47C8D7182F44B4DC006F8DF3;
			remoteInfo = "sunnad-ios";
		};
		A31E9D162F70000100A7A101 /* PBXContainerItemProxy */ = {
			isa = PBXContainerItemProxy;
			containerPortal = 47C8D7112F44B4DC006F8DF3 /* Project object */;
			proxyType = 1;
			remoteGlobalIDString = A31E9D1B2F70000100A7A101;
			remoteInfo = "sunnad-iosNotificationServiceExtension";
		};
/* End PBXContainerItemProxy section */

/* Begin PBXFileReference section */
		47C8D7192F44B4DC006F8DF3 /* sunnad-ios.app */ = {isa = PBXFileReference; explicitFileType = wrapper.application; includeInIndex = 0; path = "sunnad-ios.app"; sourceTree = BUILT_PRODUCTS_DIR; };
		47C8D7282F44B4DD006F8DF3 /* sunnad-iosTests.xctest */ = {isa = PBXFileReference; explicitFileType = wrapper.cfbundle; includeInIndex = 0; path = "sunnad-iosTests.xctest"; sourceTree = BUILT_PRODUCTS_DIR; };
		47C8D7322F44B4DD006F8DF3 /* sunnad-iosUITests.xctest */ = {isa = PBXFileReference; explicitFileType = wrapper.cfbundle; includeInIndex = 0; path = "sunnad-iosUITests.xctest"; sourceTree = BUILT_PRODUCTS_DIR; };
		A31E9D172F70000100A7A101 /* sunnad-iosNotificationServiceExtension.appex */ = {isa = PBXFileReference; explicitFileType = "wrapper.app-extension"; includeInIndex = 0; path = "sunnad-iosNotificationServiceExtension.appex"; sourceTree = BUILT_PRODUCTS_DIR; };
/* End PBXFileReference section */

/* Begin PBXFileSystemSynchronizedBuildFileExceptionSet section */
		A31E9D242F70000100A7A101 /* Exceptions for "sunnad-iosNotificationServiceExtension" folder in "sunnad-iosNotificationServiceExtension" target */ = {
			isa = PBXFileSystemSynchronizedBuildFileExceptionSet;
			membershipExceptions = (
				Info.plist,
				README.md,
				"sunnad-iosNotificationServiceExtension.entitlements",
			);
			target = A31E9D1B2F70000100A7A101 /* sunnad-iosNotificationServiceExtension */;
		};
/* End PBXFileSystemSynchronizedBuildFileExceptionSet section */

/* Begin PBXFileSystemSynchronizedRootGroup section */
		47C8D71B2F44B4DC006F8DF3 /* sunnad-ios */ = {
			isa = PBXFileSystemSynchronizedRootGroup;
			path = "sunnad-ios";
			sourceTree = "<group>";
		};
		47C8D72B2F44B4DD006F8DF3 /* sunnad-iosTests */ = {
			isa = PBXFileSystemSynchronizedRootGroup;
			path = "sunnad-iosTests";
			sourceTree = "<group>";
		};
		47C8D7352F44B4DD006F8DF3 /* sunnad-iosUITests */ = {
			isa = PBXFileSystemSynchronizedRootGroup;
			path = "sunnad-iosUITests";
			sourceTree = "<group>";
		};
		A31E9D182F70000100A7A101 /* sunnad-iosNotificationServiceExtension */ = {
			isa = PBXFileSystemSynchronizedRootGroup;
			exceptions = (
				A31E9D242F70000100A7A101 /* Exceptions for "sunnad-iosNotificationServiceExtension" folder in "sunnad-iosNotificationServiceExtension" target */,
			);
			path = "sunnad-iosNotificationServiceExtension";
			sourceTree = "<group>";
		};
/* End PBXFileSystemSynchronizedRootGroup section */

/* Begin PBXFrameworksBuildPhase section */
		47C8D7162F44B4DC006F8DF3 /* Frameworks */ = {
			isa = PBXFrameworksBuildPhase;
			buildActionMask = 2147483647;
			files = (
				A31E9D112F70000100A7A101 /* OneSignalFramework in Frameworks */,
				47A6918B2F47B88900BC3F31 /* Supabase in Frameworks */,
				47A69F1F2F4DE15800BC3F31 /* PostHog in Frameworks */,
			);
			runOnlyForDeploymentPostprocessing = 0;
		};
		47C8D7252F44B4DD006F8DF3 /* Frameworks */ = {
			isa = PBXFrameworksBuildPhase;
			buildActionMask = 2147483647;
			files = (
			);
			runOnlyForDeploymentPostprocessing = 0;
		};
		47C8D72F2F44B4DD006F8DF3 /* Frameworks */ = {
			isa = PBXFrameworksBuildPhase;
			buildActionMask = 2147483647;
			files = (
			);
			runOnlyForDeploymentPostprocessing = 0;
		};
		A31E9D1A2F70000100A7A101 /* Frameworks */ = {
			isa = PBXFrameworksBuildPhase;
			buildActionMask = 2147483647;
			files = (
				A31E9D142F70000100A7A101 /* OneSignalExtension in Frameworks */,
			);
			runOnlyForDeploymentPostprocessing = 0;
		};
/* End PBXFrameworksBuildPhase section */

/* Begin PBXGroup section */
		47C8D7102F44B4DC006F8DF3 = {
			isa = PBXGroup;
				children = (
					47C8D71B2F44B4DC006F8DF3 /* sunnad-ios */,
					A31E9D182F70000100A7A101 /* sunnad-iosNotificationServiceExtension */,
					47C8D72B2F44B4DD006F8DF3 /* sunnad-iosTests */,
					47C8D7352F44B4DD006F8DF3 /* sunnad-iosUITests */,
					47C8D71A2F44B4DC006F8DF3 /* Products */,
				);
			sourceTree = "<group>";
		};
		47C8D71A2F44B4DC006F8DF3 /* Products */ = {
			isa = PBXGroup;
				children = (
					47C8D7192F44B4DC006F8DF3 /* sunnad-ios.app */,
					A31E9D172F70000100A7A101 /* sunnad-iosNotificationServiceExtension.appex */,
					47C8D7282F44B4DD006F8DF3 /* sunnad-iosTests.xctest */,
					47C8D7322F44B4DD006F8DF3 /* sunnad-iosUITests.xctest */,
				);
			name = Products;
			sourceTree = "<group>";
		};
/* End PBXGroup section */

/* Begin PBXNativeTarget section */
			47C8D7182F44B4DC006F8DF3 /* sunnad-ios */ = {
			isa = PBXNativeTarget;
			buildConfigurationList = 47C8D73C2F44B4DD006F8DF3 /* Build configuration list for PBXNativeTarget "sunnad-ios" */;
			buildPhases = (
				47C8D7152F44B4DC006F8DF3 /* Sources */,
				47C8D7162F44B4DC006F8DF3 /* Frameworks */,
				47C8D7172F44B4DC006F8DF3 /* Resources */,
				A31E9D192F70000100A7A101 /* Embed App Extensions */,
			);
			buildRules = (
			);
			dependencies = (
				A31E9D1E2F70000100A7A101 /* PBXTargetDependency */,
			);
			fileSystemSynchronizedGroups = (
				47C8D71B2F44B4DC006F8DF3 /* sunnad-ios */,
			);
			name = "sunnad-ios";
				packageProductDependencies = (
					A31E9D122F70000100A7A101 /* OneSignalFramework */,
					A1D9E801D7D14B9A8A5E1001 /* Supabase */,
					47A69F1E2F4DE15800BC3F31 /* PostHog */,
				);
			productName = "sunnad-ios";
			productReference = 47C8D7192F44B4DC006F8DF3 /* sunnad-ios.app */;
			productType = "com.apple.product-type.application";
		};
		A31E9D1B2F70000100A7A101 /* sunnad-iosNotificationServiceExtension */ = {
			isa = PBXNativeTarget;
			buildConfigurationList = A31E9D1F2F70000100A7A101 /* Build configuration list for PBXNativeTarget "sunnad-iosNotificationServiceExtension" */;
			buildPhases = (
				A31E9D1D2F70000100A7A101 /* Sources */,
				A31E9D1A2F70000100A7A101 /* Frameworks */,
				A31E9D1C2F70000100A7A101 /* Resources */,
			);
			buildRules = (
			);
			dependencies = (
			);
			fileSystemSynchronizedGroups = (
				A31E9D182F70000100A7A101 /* sunnad-iosNotificationServiceExtension */,
			);
			name = "sunnad-iosNotificationServiceExtension";
			packageProductDependencies = (
				A31E9D232F70000100A7A101 /* OneSignalExtension */,
			);
			productName = "sunnad-iosNotificationServiceExtension";
			productReference = A31E9D172F70000100A7A101 /* sunnad-iosNotificationServiceExtension.appex */;
			productType = "com.apple.product-type.app-extension";
		};
		47C8D7272F44B4DD006F8DF3 /* sunnad-iosTests */ = {
			isa = PBXNativeTarget;
			buildConfigurationList = 47C8D73F2F44B4DD006F8DF3 /* Build configuration list for PBXNativeTarget "sunnad-iosTests" */;
			buildPhases = (
				47C8D7242F44B4DD006F8DF3 /* Sources */,
				47C8D7252F44B4DD006F8DF3 /* Frameworks */,
				47C8D7262F44B4DD006F8DF3 /* Resources */,
			);
			buildRules = (
			);
			dependencies = (
				47C8D72A2F44B4DD006F8DF3 /* PBXTargetDependency */,
			);
			fileSystemSynchronizedGroups = (
				47C8D72B2F44B4DD006F8DF3 /* sunnad-iosTests */,
			);
			name = "sunnad-iosTests";
			packageProductDependencies = (
			);
			productName = "sunnad-iosTests";
			productReference = 47C8D7282F44B4DD006F8DF3 /* sunnad-iosTests.xctest */;
			productType = "com.apple.product-type.bundle.unit-test";
		};
		47C8D7312F44B4DD006F8DF3 /* sunnad-iosUITests */ = {
			isa = PBXNativeTarget;
			buildConfigurationList = 47C8D7422F44B4DD006F8DF3 /* Build configuration list for PBXNativeTarget "sunnad-iosUITests" */;
			buildPhases = (
				47C8D72E2F44B4DD006F8DF3 /* Sources */,
				47C8D72F2F44B4DD006F8DF3 /* Frameworks */,
				47C8D7302F44B4DD006F8DF3 /* Resources */,
			);
			buildRules = (
			);
			dependencies = (
				47C8D7342F44B4DD006F8DF3 /* PBXTargetDependency */,
			);
			fileSystemSynchronizedGroups = (
				47C8D7352F44B4DD006F8DF3 /* sunnad-iosUITests */,
			);
			name = "sunnad-iosUITests";
			packageProductDependencies = (
			);
			productName = "sunnad-iosUITests";
			productReference = 47C8D7322F44B4DD006F8DF3 /* sunnad-iosUITests.xctest */;
			productType = "com.apple.product-type.bundle.ui-testing";
		};
/* End PBXNativeTarget section */

/* Begin PBXProject section */
		47C8D7112F44B4DC006F8DF3 /* Project object */ = {
			isa = PBXProject;
			attributes = {
				BuildIndependentTargetsInParallel = 1;
				LastSwiftUpdateCheck = 2620;
				LastUpgradeCheck = 2620;
				TargetAttributes = {
					47C8D7182F44B4DC006F8DF3 = {
						CreatedOnToolsVersion = 26.2;
					};
					A31E9D1B2F70000100A7A101 = {
						CreatedOnToolsVersion = 26.2;
					};
					47C8D7272F44B4DD006F8DF3 = {
						CreatedOnToolsVersion = 26.2;
						TestTargetID = 47C8D7182F44B4DC006F8DF3;
					};
					47C8D7312F44B4DD006F8DF3 = {
						CreatedOnToolsVersion = 26.2;
						TestTargetID = 47C8D7182F44B4DC006F8DF3;
					};
				};
			};
			buildConfigurationList = 47C8D7142F44B4DC006F8DF3 /* Build configuration list for PBXProject "sunnad-ios" */;
			developmentRegion = en;
			hasScannedForEncodings = 0;
			knownRegions = (
				en,
				Base,
			);
			mainGroup = 47C8D7102F44B4DC006F8DF3;
			minimizedProjectReferenceProxies = 1;
				packageReferences = (
					A31E9D132F70000100A7A101 /* XCRemoteSwiftPackageReference "OneSignal-iOS-SDK" */,
					A1D9E801D7D14B9A8A5E2001 /* XCRemoteSwiftPackageReference "supabase-swift" */,
					47A69F1D2F4DE15800BC3F31 /* XCRemoteSwiftPackageReference "posthog-ios" */,
				);
			preferredProjectObjectVersion = 77;
			productRefGroup = 47C8D71A2F44B4DC006F8DF3 /* Products */;
			projectDirPath = "";
			projectRoot = "";
			targets = (
				47C8D7182F44B4DC006F8DF3 /* sunnad-ios */,
				A31E9D1B2F70000100A7A101 /* sunnad-iosNotificationServiceExtension */,
				47C8D7272F44B4DD006F8DF3 /* sunnad-iosTests */,
				47C8D7312F44B4DD006F8DF3 /* sunnad-iosUITests */,
			);
		};
/* End PBXProject section */

/* Begin PBXResourcesBuildPhase section */
		47C8D7172F44B4DC006F8DF3 /* Resources */ = {
			isa = PBXResourcesBuildPhase;
			buildActionMask = 2147483647;
			files = (
			);
			runOnlyForDeploymentPostprocessing = 0;
		};
		47C8D7262F44B4DD006F8DF3 /* Resources */ = {
			isa = PBXResourcesBuildPhase;
			buildActionMask = 2147483647;
			files = (
			);
			runOnlyForDeploymentPostprocessing = 0;
		};
		47C8D7302F44B4DD006F8DF3 /* Resources */ = {
			isa = PBXResourcesBuildPhase;
			buildActionMask = 2147483647;
			files = (
			);
			runOnlyForDeploymentPostprocessing = 0;
		};
		A31E9D1C2F70000100A7A101 /* Resources */ = {
			isa = PBXResourcesBuildPhase;
			buildActionMask = 2147483647;
			files = (
			);
			runOnlyForDeploymentPostprocessing = 0;
		};
/* End PBXResourcesBuildPhase section */

/* Begin PBXSourcesBuildPhase section */
		47C8D7152F44B4DC006F8DF3 /* Sources */ = {
			isa = PBXSourcesBuildPhase;
			buildActionMask = 2147483647;
			files = (
			);
			runOnlyForDeploymentPostprocessing = 0;
		};
		47C8D7242F44B4DD006F8DF3 /* Sources */ = {
			isa = PBXSourcesBuildPhase;
			buildActionMask = 2147483647;
			files = (
			);
			runOnlyForDeploymentPostprocessing = 0;
		};
		47C8D72E2F44B4DD006F8DF3 /* Sources */ = {
			isa = PBXSourcesBuildPhase;
			buildActionMask = 2147483647;
			files = (
			);
			runOnlyForDeploymentPostprocessing = 0;
		};
		A31E9D1D2F70000100A7A101 /* Sources */ = {
			isa = PBXSourcesBuildPhase;
			buildActionMask = 2147483647;
			files = (
			);
			runOnlyForDeploymentPostprocessing = 0;
		};
/* End PBXSourcesBuildPhase section */

/* Begin PBXTargetDependency section */
		47C8D72A2F44B4DD006F8DF3 /* PBXTargetDependency */ = {
			isa = PBXTargetDependency;
			target = 47C8D7182F44B4DC006F8DF3 /* sunnad-ios */;
			targetProxy = 47C8D7292F44B4DD006F8DF3 /* PBXContainerItemProxy */;
		};
		47C8D7342F44B4DD006F8DF3 /* PBXTargetDependency */ = {
			isa = PBXTargetDependency;
			target = 47C8D7182F44B4DC006F8DF3 /* sunnad-ios */;
			targetProxy = 47C8D7332F44B4DD006F8DF3 /* PBXContainerItemProxy */;
		};
		A31E9D1E2F70000100A7A101 /* PBXTargetDependency */ = {
			isa = PBXTargetDependency;
			target = A31E9D1B2F70000100A7A101 /* sunnad-iosNotificationServiceExtension */;
			targetProxy = A31E9D162F70000100A7A101 /* PBXContainerItemProxy */;
		};
/* End PBXTargetDependency section */

/* Begin XCBuildConfiguration section */
		47A69F1B2F4DE12200BC3F31 /* Local */ = {
			isa = XCBuildConfiguration;
			buildSettings = {
				PRODUCT_NAME = "sunnad-iosTests";
			};
			name = Local;
		};
		47A69F1C2F4DE12200BC3F31 /* Local */ = {
			isa = XCBuildConfiguration;
			buildSettings = {
				PRODUCT_NAME = "sunnad-iosUITests";
			};
			name = Local;
		};
		47C8D73A2F44B4DD006F8DF3 /* Debug */ = {
			isa = XCBuildConfiguration;
			buildSettings = {
				ALWAYS_SEARCH_USER_PATHS = NO;
				ASSETCATALOG_COMPILER_GENERATE_SWIFT_ASSET_SYMBOL_EXTENSIONS = YES;
				CLANG_ANALYZER_NONNULL = YES;
				CLANG_ANALYZER_NUMBER_OBJECT_CONVERSION = YES_AGGRESSIVE;
				CLANG_CXX_LANGUAGE_STANDARD = "gnu++20";
				CLANG_ENABLE_MODULES = YES;
				CLANG_ENABLE_OBJC_ARC = YES;
				CLANG_ENABLE_OBJC_WEAK = YES;
				CLANG_WARN_BLOCK_CAPTURE_AUTORELEASING = YES;
				CLANG_WARN_BOOL_CONVERSION = YES;
				CLANG_WARN_COMMA = YES;
				CLANG_WARN_CONSTANT_CONVERSION = YES;
				CLANG_WARN_DEPRECATED_OBJC_IMPLEMENTATIONS = YES;
				CLANG_WARN_DIRECT_OBJC_ISA_USAGE = YES_ERROR;
				CLANG_WARN_DOCUMENTATION_COMMENTS = YES;
				CLANG_WARN_EMPTY_BODY = YES;
				CLANG_WARN_ENUM_CONVERSION = YES;
				CLANG_WARN_INFINITE_RECURSION = YES;
				CLANG_WARN_INT_CONVERSION = YES;
				CLANG_WARN_NON_LITERAL_NULL_CONVERSION = YES;
				CLANG_WARN_OBJC_IMPLICIT_RETAIN_SELF = YES;
				CLANG_WARN_OBJC_LITERAL_CONVERSION = YES;
				CLANG_WARN_OBJC_ROOT_CLASS = YES_ERROR;
				CLANG_WARN_QUOTED_INCLUDE_IN_FRAMEWORK_HEADER = YES;
				CLANG_WARN_RANGE_LOOP_ANALYSIS = YES;
				CLANG_WARN_STRICT_PROTOTYPES = YES;
				CLANG_WARN_SUSPICIOUS_MOVE = YES;
				CLANG_WARN_UNGUARDED_AVAILABILITY = YES_AGGRESSIVE;
				CLANG_WARN_UNREACHABLE_CODE = YES;
				CLANG_WARN__DUPLICATE_METHOD_MATCH = YES;
				COPY_PHASE_STRIP = NO;
				DEBUG_INFORMATION_FORMAT = dwarf;
				ENABLE_STRICT_OBJC_MSGSEND = YES;
				ENABLE_TESTABILITY = YES;
				ENABLE_USER_SCRIPT_SANDBOXING = YES;
				GCC_C_LANGUAGE_STANDARD = gnu17;
				GCC_DYNAMIC_NO_PIC = NO;
				GCC_NO_COMMON_BLOCKS = YES;
				GCC_OPTIMIZATION_LEVEL = 0;
				GCC_PREPROCESSOR_DEFINITIONS = (
					"DEBUG=1",
					"$(inherited)",
				);
				GCC_WARN_64_TO_32_BIT_CONVERSION = YES;
				GCC_WARN_ABOUT_RETURN_TYPE = YES_ERROR;
				GCC_WARN_UNDECLARED_SELECTOR = YES;
				GCC_WARN_UNINITIALIZED_AUTOS = YES_AGGRESSIVE;
				GCC_WARN_UNUSED_FUNCTION = YES;
				GCC_WARN_UNUSED_VARIABLE = YES;
				IPHONEOS_DEPLOYMENT_TARGET = 17.6;
				LOCALIZATION_PREFERS_STRING_CATALOGS = YES;
				MTL_ENABLE_DEBUG_INFO = INCLUDE_SOURCE;
				MTL_FAST_MATH = YES;
				ONLY_ACTIVE_ARCH = YES;
				SDKROOT = iphoneos;
				SWIFT_ACTIVE_COMPILATION_CONDITIONS = "DEBUG $(inherited)";
				SWIFT_OPTIMIZATION_LEVEL = "-Onone";
			};
			name = Debug;
		};
		47C8D73B2F44B4DD006F8DF3 /* Release */ = {
			isa = XCBuildConfiguration;
			buildSettings = {
				ALWAYS_SEARCH_USER_PATHS = NO;
				ASSETCATALOG_COMPILER_GENERATE_SWIFT_ASSET_SYMBOL_EXTENSIONS = YES;
				CLANG_ANALYZER_NONNULL = YES;
				CLANG_ANALYZER_NUMBER_OBJECT_CONVERSION = YES_AGGRESSIVE;
				CLANG_CXX_LANGUAGE_STANDARD = "gnu++20";
				CLANG_ENABLE_MODULES = YES;
				CLANG_ENABLE_OBJC_ARC = YES;
				CLANG_ENABLE_OBJC_WEAK = YES;
				CLANG_WARN_BLOCK_CAPTURE_AUTORELEASING = YES;
				CLANG_WARN_BOOL_CONVERSION = YES;
				CLANG_WARN_COMMA = YES;
				CLANG_WARN_CONSTANT_CONVERSION = YES;
				CLANG_WARN_DEPRECATED_OBJC_IMPLEMENTATIONS = YES;
				CLANG_WARN_DIRECT_OBJC_ISA_USAGE = YES_ERROR;
				CLANG_WARN_DOCUMENTATION_COMMENTS = YES;
				CLANG_WARN_EMPTY_BODY = YES;
				CLANG_WARN_ENUM_CONVERSION = YES;
				CLANG_WARN_INFINITE_RECURSION = YES;
				CLANG_WARN_INT_CONVERSION = YES;
				CLANG_WARN_NON_LITERAL_NULL_CONVERSION = YES;
				CLANG_WARN_OBJC_IMPLICIT_RETAIN_SELF = YES;
				CLANG_WARN_OBJC_LITERAL_CONVERSION = YES;
				CLANG_WARN_OBJC_ROOT_CLASS = YES_ERROR;
				CLANG_WARN_QUOTED_INCLUDE_IN_FRAMEWORK_HEADER = YES;
				CLANG_WARN_RANGE_LOOP_ANALYSIS = YES;
				CLANG_WARN_STRICT_PROTOTYPES = YES;
				CLANG_WARN_SUSPICIOUS_MOVE = YES;
				CLANG_WARN_UNGUARDED_AVAILABILITY = YES_AGGRESSIVE;
				CLANG_WARN_UNREACHABLE_CODE = YES;
				CLANG_WARN__DUPLICATE_METHOD_MATCH = YES;
				COPY_PHASE_STRIP = NO;
				DEBUG_INFORMATION_FORMAT = "dwarf-with-dsym";
				ENABLE_NS_ASSERTIONS = NO;
				ENABLE_STRICT_OBJC_MSGSEND = YES;
				ENABLE_USER_SCRIPT_SANDBOXING = YES;
				GCC_C_LANGUAGE_STANDARD = gnu17;
				GCC_NO_COMMON_BLOCKS = YES;
				GCC_WARN_64_TO_32_BIT_CONVERSION = YES;
				GCC_WARN_ABOUT_RETURN_TYPE = YES_ERROR;
				GCC_WARN_UNDECLARED_SELECTOR = YES;
				GCC_WARN_UNINITIALIZED_AUTOS = YES_AGGRESSIVE;
				GCC_WARN_UNUSED_FUNCTION = YES;
				GCC_WARN_UNUSED_VARIABLE = YES;
				IPHONEOS_DEPLOYMENT_TARGET = 17.6;
				LOCALIZATION_PREFERS_STRING_CATALOGS = YES;
				MTL_ENABLE_DEBUG_INFO = NO;
				MTL_FAST_MATH = YES;
				SDKROOT = iphoneos;
				SWIFT_COMPILATION_MODE = wholemodule;
				VALIDATE_PRODUCT = YES;
			};
			name = Release;
		};
		47C8D73D2F44B4DD006F8DF3 /* Debug */ = {
			isa = XCBuildConfiguration;
			buildSettings = {
				ASSETCATALOG_COMPILER_APPICON_NAME = AppIcon;
				ASSETCATALOG_COMPILER_GLOBAL_ACCENT_COLOR_NAME = AccentColor;
					CODE_SIGN_STYLE = Automatic;
					CODE_SIGN_ENTITLEMENTS = "sunnad-ios/sunnad-ios.entitlements";
					CURRENT_PROJECT_VERSION = 1;
				DEVELOPMENT_TEAM = M5YPTF3F3J;
				ENABLE_PREVIEWS = YES;
				GENERATE_INFOPLIST_FILE = NO;
				INFOPLIST_FILE = Info.plist;
				INFOPLIST_KEY_UIApplicationSceneManifest_Generation = YES;
				INFOPLIST_KEY_UIApplicationSupportsIndirectInputEvents = YES;
				INFOPLIST_KEY_UILaunchScreen_Generation = YES;
				INFOPLIST_KEY_UISupportedInterfaceOrientations_iPad = "UIInterfaceOrientationPortrait UIInterfaceOrientationPortraitUpsideDown UIInterfaceOrientationLandscapeLeft UIInterfaceOrientationLandscapeRight";
				INFOPLIST_KEY_UISupportedInterfaceOrientations_iPhone = "UIInterfaceOrientationPortrait UIInterfaceOrientationLandscapeLeft UIInterfaceOrientationLandscapeRight";
				IPHONEOS_DEPLOYMENT_TARGET = 17.6;
				LD_RUNPATH_SEARCH_PATHS = (
					"$(inherited)",
					"@executable_path/Frameworks",
				);
				MARKETING_VERSION = 1.0;
				PRODUCT_BUNDLE_IDENTIFIER = "com.arystan.almasuly.sunnad-ios.dev";
				PRODUCT_NAME = "$(TARGET_NAME)";
				STRING_CATALOG_GENERATE_SYMBOLS = YES;
				SUNNAD_ANALYTICS_ENABLED = 1;
				SUNNAD_AUTH_APPLE_ENABLED_BUNDLE = NO;
				SUNNAD_AUTH_GOOGLE_ENABLED_BUNDLE = YES;
				SUNNAD_AUTH_REDIRECT_URL_BUNDLE = "adat://auth-callback";
				SUNNAD_AUTH_RESEND_COOLDOWN_SECONDS_BUNDLE = 120;
					SUNNAD_BUNDLE_DISPLAY_NAME_BUNDLE = "Adat Dev";
					SUNNAD_ONESIGNAL_APP_ID_BUNDLE = "";
					SUNNAD_ONESIGNAL_APP_GROUP_ID_BUNDLE = "group.com.arystan.almasuly.sunnad";
					SUNNAD_POSTHOG_API_KEY = "";
					SUNNAD_POSTHOG_HOST = "https://eu.i.posthog.com";
					SUNNAD_STORAGE_NAMESPACE_BUNDLE = prod;
					SUNNAD_SUPABASE_ANON_KEY_BUNDLE = sb_publishable_HD28BdGSy4amEvirJ8Exvw_QnDF26OW;
					SUNNAD_SUPABASE_URL_BUNDLE = "https://artwfvypcdacdpqhciqt.supabase.co";
				SWIFT_APPROACHABLE_CONCURRENCY = YES;
				SWIFT_DEFAULT_ACTOR_ISOLATION = MainActor;
				SWIFT_EMIT_LOC_STRINGS = YES;
				SWIFT_UPCOMING_FEATURE_MEMBER_IMPORT_VISIBILITY = YES;
				SWIFT_VERSION = 5.0;
				TARGETED_DEVICE_FAMILY = "1,2";
			};
			name = Debug;
		};
		47C8D73E2F44B4DD006F8DF3 /* Release */ = {
			isa = XCBuildConfiguration;
			buildSettings = {
				ASSETCATALOG_COMPILER_APPICON_NAME = AppIcon;
				ASSETCATALOG_COMPILER_GLOBAL_ACCENT_COLOR_NAME = AccentColor;
					CODE_SIGN_STYLE = Automatic;
					CODE_SIGN_ENTITLEMENTS = "sunnad-ios/sunnad-ios.entitlements";
					CURRENT_PROJECT_VERSION = 1;
				DEVELOPMENT_TEAM = M5YPTF3F3J;
				ENABLE_PREVIEWS = YES;
				GENERATE_INFOPLIST_FILE = NO;
				INFOPLIST_FILE = Info.plist;
				INFOPLIST_KEY_UIApplicationSceneManifest_Generation = YES;
				INFOPLIST_KEY_UIApplicationSupportsIndirectInputEvents = YES;
				INFOPLIST_KEY_UILaunchScreen_Generation = YES;
				INFOPLIST_KEY_UISupportedInterfaceOrientations_iPad = "UIInterfaceOrientationPortrait UIInterfaceOrientationPortraitUpsideDown UIInterfaceOrientationLandscapeLeft UIInterfaceOrientationLandscapeRight";
				INFOPLIST_KEY_UISupportedInterfaceOrientations_iPhone = "UIInterfaceOrientationPortrait UIInterfaceOrientationLandscapeLeft UIInterfaceOrientationLandscapeRight";
				IPHONEOS_DEPLOYMENT_TARGET = 17.6;
				LD_RUNPATH_SEARCH_PATHS = (
					"$(inherited)",
					"@executable_path/Frameworks",
				);
				MARKETING_VERSION = 1.0;
				PRODUCT_BUNDLE_IDENTIFIER = "com.arystan.almasuly.sunnad-ios";
				PRODUCT_NAME = "$(TARGET_NAME)";
				STRING_CATALOG_GENERATE_SYMBOLS = YES;
				SUNNAD_ANALYTICS_ENABLED = 1;
				SUNNAD_AUTH_APPLE_ENABLED_BUNDLE = NO;
				SUNNAD_AUTH_GOOGLE_ENABLED_BUNDLE = YES;
				SUNNAD_AUTH_REDIRECT_URL_BUNDLE = "adat://auth-callback";
				SUNNAD_AUTH_RESEND_COOLDOWN_SECONDS_BUNDLE = 180;
					SUNNAD_BUNDLE_DISPLAY_NAME_BUNDLE = Adat;
					SUNNAD_ONESIGNAL_APP_ID_BUNDLE = "";
					SUNNAD_ONESIGNAL_APP_GROUP_ID_BUNDLE = "group.com.arystan.almasuly.sunnad";
					SUNNAD_POSTHOG_API_KEY = "";
					SUNNAD_POSTHOG_HOST = "https://eu.i.posthog.com";
				SUNNAD_STORAGE_NAMESPACE_BUNDLE = prod;
				SUNNAD_SUPABASE_ANON_KEY_BUNDLE = sb_publishable_HD28BdGSy4amEvirJ8Exvw_QnDF26OW;
				SUNNAD_SUPABASE_URL_BUNDLE = "https://artwfvypcdacdpqhciqt.supabase.co";
				SWIFT_APPROACHABLE_CONCURRENCY = YES;
				SWIFT_DEFAULT_ACTOR_ISOLATION = MainActor;
				SWIFT_EMIT_LOC_STRINGS = YES;
				SWIFT_UPCOMING_FEATURE_MEMBER_IMPORT_VISIBILITY = YES;
				SWIFT_VERSION = 5.0;
				TARGETED_DEVICE_FAMILY = "1,2";
			};
			name = Release;
		};
		A31E9D202F70000100A7A101 /* Debug */ = {
			isa = XCBuildConfiguration;
			buildSettings = {
				APPLICATION_EXTENSION_API_ONLY = YES;
				CODE_SIGN_ENTITLEMENTS = "sunnad-iosNotificationServiceExtension/sunnad-iosNotificationServiceExtension.entitlements";
				CODE_SIGN_STYLE = Automatic;
				CURRENT_PROJECT_VERSION = 1;
				DEVELOPMENT_TEAM = M5YPTF3F3J;
				GENERATE_INFOPLIST_FILE = NO;
				INFOPLIST_FILE = "sunnad-iosNotificationServiceExtension/Info.plist";
				IPHONEOS_DEPLOYMENT_TARGET = 17.6;
				LD_RUNPATH_SEARCH_PATHS = (
					"$(inherited)",
					"@executable_path/Frameworks",
					"@executable_path/../../Frameworks",
				);
				MARKETING_VERSION = 1.0;
				PRODUCT_BUNDLE_IDENTIFIER = "com.arystan.almasuly.sunnad-ios.dev.NotificationServiceExtension";
				PRODUCT_NAME = "$(TARGET_NAME)";
				SKIP_INSTALL = YES;
				STRING_CATALOG_GENERATE_SYMBOLS = NO;
				SUNNAD_ONESIGNAL_APP_GROUP_ID_BUNDLE = "group.com.arystan.almasuly.sunnad";
				SWIFT_APPROACHABLE_CONCURRENCY = YES;
				SWIFT_EMIT_LOC_STRINGS = NO;
				SWIFT_UPCOMING_FEATURE_MEMBER_IMPORT_VISIBILITY = YES;
				SWIFT_VERSION = 5.0;
				TARGETED_DEVICE_FAMILY = "1,2";
			};
			name = Debug;
		};
		A31E9D212F70000100A7A101 /* Release */ = {
			isa = XCBuildConfiguration;
			buildSettings = {
				APPLICATION_EXTENSION_API_ONLY = YES;
				CODE_SIGN_ENTITLEMENTS = "sunnad-iosNotificationServiceExtension/sunnad-iosNotificationServiceExtension.entitlements";
				CODE_SIGN_STYLE = Automatic;
				CURRENT_PROJECT_VERSION = 1;
				DEVELOPMENT_TEAM = M5YPTF3F3J;
				GENERATE_INFOPLIST_FILE = NO;
				INFOPLIST_FILE = "sunnad-iosNotificationServiceExtension/Info.plist";
				IPHONEOS_DEPLOYMENT_TARGET = 17.6;
				LD_RUNPATH_SEARCH_PATHS = (
					"$(inherited)",
					"@executable_path/Frameworks",
					"@executable_path/../../Frameworks",
				);
				MARKETING_VERSION = 1.0;
				PRODUCT_BUNDLE_IDENTIFIER = "com.arystan.almasuly.sunnad-ios.NotificationServiceExtension";
				PRODUCT_NAME = "$(TARGET_NAME)";
				SKIP_INSTALL = YES;
				STRING_CATALOG_GENERATE_SYMBOLS = NO;
				SUNNAD_ONESIGNAL_APP_GROUP_ID_BUNDLE = "group.com.arystan.almasuly.sunnad";
				SWIFT_APPROACHABLE_CONCURRENCY = YES;
				SWIFT_EMIT_LOC_STRINGS = NO;
				SWIFT_UPCOMING_FEATURE_MEMBER_IMPORT_VISIBILITY = YES;
				SWIFT_VERSION = 5.0;
				TARGETED_DEVICE_FAMILY = "1,2";
			};
			name = Release;
		};
		A31E9D222F70000100A7A101 /* Local */ = {
			isa = XCBuildConfiguration;
			buildSettings = {
				APPLICATION_EXTENSION_API_ONLY = YES;
				CODE_SIGN_ENTITLEMENTS = "sunnad-iosNotificationServiceExtension/sunnad-iosNotificationServiceExtension.entitlements";
				CODE_SIGN_STYLE = Automatic;
				CURRENT_PROJECT_VERSION = 1;
				DEVELOPMENT_TEAM = M5YPTF3F3J;
				GENERATE_INFOPLIST_FILE = NO;
				INFOPLIST_FILE = "sunnad-iosNotificationServiceExtension/Info.plist";
				IPHONEOS_DEPLOYMENT_TARGET = 17.6;
				LD_RUNPATH_SEARCH_PATHS = (
					"$(inherited)",
					"@executable_path/Frameworks",
					"@executable_path/../../Frameworks",
				);
				MARKETING_VERSION = 1.0;
				PRODUCT_BUNDLE_IDENTIFIER = "com.arystan.almasuly.sunnad-ios.local.NotificationServiceExtension";
				PRODUCT_NAME = "$(TARGET_NAME)";
				SKIP_INSTALL = YES;
				STRING_CATALOG_GENERATE_SYMBOLS = NO;
				SUNNAD_ONESIGNAL_APP_GROUP_ID_BUNDLE = "group.com.arystan.almasuly.sunnad";
				SWIFT_APPROACHABLE_CONCURRENCY = YES;
				SWIFT_EMIT_LOC_STRINGS = NO;
				SWIFT_UPCOMING_FEATURE_MEMBER_IMPORT_VISIBILITY = YES;
				SWIFT_VERSION = 5.0;
				TARGETED_DEVICE_FAMILY = "1,2";
			};
			name = Local;
		};
		47C8D7402F44B4DD006F8DF3 /* Debug */ = {
			isa = XCBuildConfiguration;
			buildSettings = {
				BUNDLE_LOADER = "$(TEST_HOST)";
				CODE_SIGN_STYLE = Automatic;
				CURRENT_PROJECT_VERSION = 1;
				GENERATE_INFOPLIST_FILE = YES;
				IPHONEOS_DEPLOYMENT_TARGET = 17.6;
				MARKETING_VERSION = 1.0;
				PRODUCT_BUNDLE_IDENTIFIER = "com.arystan.almasuly.sunnad-iosTests";
				PRODUCT_NAME = "$(TARGET_NAME)";
				STRING_CATALOG_GENERATE_SYMBOLS = NO;
				SWIFT_APPROACHABLE_CONCURRENCY = YES;
				SWIFT_EMIT_LOC_STRINGS = NO;
				SWIFT_UPCOMING_FEATURE_MEMBER_IMPORT_VISIBILITY = YES;
				SWIFT_VERSION = 5.0;
				TARGETED_DEVICE_FAMILY = "1,2";
				TEST_HOST = "$(BUILT_PRODUCTS_DIR)/sunnad-ios.app/$(BUNDLE_EXECUTABLE_FOLDER_PATH)/sunnad-ios";
			};
			name = Debug;
		};
		47C8D7412F44B4DD006F8DF3 /* Release */ = {
			isa = XCBuildConfiguration;
			buildSettings = {
				BUNDLE_LOADER = "$(TEST_HOST)";
				CODE_SIGN_STYLE = Automatic;
				CURRENT_PROJECT_VERSION = 1;
				GENERATE_INFOPLIST_FILE = YES;
				IPHONEOS_DEPLOYMENT_TARGET = 17.6;
				MARKETING_VERSION = 1.0;
				PRODUCT_BUNDLE_IDENTIFIER = "com.arystan.almasuly.sunnad-iosTests";
				PRODUCT_NAME = "$(TARGET_NAME)";
				STRING_CATALOG_GENERATE_SYMBOLS = NO;
				SWIFT_APPROACHABLE_CONCURRENCY = YES;
				SWIFT_EMIT_LOC_STRINGS = NO;
				SWIFT_UPCOMING_FEATURE_MEMBER_IMPORT_VISIBILITY = YES;
				SWIFT_VERSION = 5.0;
				TARGETED_DEVICE_FAMILY = "1,2";
				TEST_HOST = "$(BUILT_PRODUCTS_DIR)/sunnad-ios.app/$(BUNDLE_EXECUTABLE_FOLDER_PATH)/sunnad-ios";
			};
			name = Release;
		};
		47C8D7432F44B4DD006F8DF3 /* Debug */ = {
			isa = XCBuildConfiguration;
			buildSettings = {
				CODE_SIGN_STYLE = Automatic;
				CURRENT_PROJECT_VERSION = 1;
				GENERATE_INFOPLIST_FILE = YES;
				MARKETING_VERSION = 1.0;
				PRODUCT_BUNDLE_IDENTIFIER = "com.arystan.almasuly.sunnad-iosUITests";
				PRODUCT_NAME = "$(TARGET_NAME)";
				STRING_CATALOG_GENERATE_SYMBOLS = NO;
				SWIFT_APPROACHABLE_CONCURRENCY = YES;
				SWIFT_EMIT_LOC_STRINGS = NO;
				SWIFT_UPCOMING_FEATURE_MEMBER_IMPORT_VISIBILITY = YES;
				SWIFT_VERSION = 5.0;
				TARGETED_DEVICE_FAMILY = "1,2";
				TEST_TARGET_NAME = "sunnad-ios";
			};
			name = Debug;
		};
		47C8D7442F44B4DD006F8DF3 /* Release */ = {
			isa = XCBuildConfiguration;
			buildSettings = {
				CODE_SIGN_STYLE = Automatic;
				CURRENT_PROJECT_VERSION = 1;
				GENERATE_INFOPLIST_FILE = YES;
				MARKETING_VERSION = 1.0;
				PRODUCT_BUNDLE_IDENTIFIER = "com.arystan.almasuly.sunnad-iosUITests";
				PRODUCT_NAME = "$(TARGET_NAME)";
				STRING_CATALOG_GENERATE_SYMBOLS = NO;
				SWIFT_APPROACHABLE_CONCURRENCY = YES;
				SWIFT_EMIT_LOC_STRINGS = NO;
				SWIFT_UPCOMING_FEATURE_MEMBER_IMPORT_VISIBILITY = YES;
				SWIFT_VERSION = 5.0;
				TARGETED_DEVICE_FAMILY = "1,2";
				TEST_TARGET_NAME = "sunnad-ios";
			};
			name = Release;
		};
		9A1B2C3D4E5F60718293A401 /* Local */ = {
			isa = XCBuildConfiguration;
			buildSettings = {
				ALWAYS_SEARCH_USER_PATHS = NO;
				ASSETCATALOG_COMPILER_GENERATE_SWIFT_ASSET_SYMBOL_EXTENSIONS = YES;
				CLANG_ANALYZER_NONNULL = YES;
				CLANG_ANALYZER_NUMBER_OBJECT_CONVERSION = YES_AGGRESSIVE;
				CLANG_CXX_LANGUAGE_STANDARD = "gnu++20";
				CLANG_ENABLE_MODULES = YES;
				CLANG_ENABLE_OBJC_ARC = YES;
				CLANG_ENABLE_OBJC_WEAK = YES;
				CLANG_WARN_BLOCK_CAPTURE_AUTORELEASING = YES;
				CLANG_WARN_BOOL_CONVERSION = YES;
				CLANG_WARN_COMMA = YES;
				CLANG_WARN_CONSTANT_CONVERSION = YES;
				CLANG_WARN_DEPRECATED_OBJC_IMPLEMENTATIONS = YES;
				CLANG_WARN_DIRECT_OBJC_ISA_USAGE = YES_ERROR;
				CLANG_WARN_DOCUMENTATION_COMMENTS = YES;
				CLANG_WARN_EMPTY_BODY = YES;
				CLANG_WARN_ENUM_CONVERSION = YES;
				CLANG_WARN_INFINITE_RECURSION = YES;
				CLANG_WARN_INT_CONVERSION = YES;
				CLANG_WARN_NON_LITERAL_NULL_CONVERSION = YES;
				CLANG_WARN_OBJC_IMPLICIT_RETAIN_SELF = YES;
				CLANG_WARN_OBJC_LITERAL_CONVERSION = YES;
				CLANG_WARN_OBJC_ROOT_CLASS = YES_ERROR;
				CLANG_WARN_QUOTED_INCLUDE_IN_FRAMEWORK_HEADER = YES;
				CLANG_WARN_RANGE_LOOP_ANALYSIS = YES;
				CLANG_WARN_STRICT_PROTOTYPES = YES;
				CLANG_WARN_SUSPICIOUS_MOVE = YES;
				CLANG_WARN_UNGUARDED_AVAILABILITY = YES_AGGRESSIVE;
				CLANG_WARN_UNREACHABLE_CODE = YES;
				CLANG_WARN__DUPLICATE_METHOD_MATCH = YES;
				COPY_PHASE_STRIP = NO;
				DEBUG_INFORMATION_FORMAT = dwarf;
				ENABLE_STRICT_OBJC_MSGSEND = YES;
				ENABLE_TESTABILITY = YES;
				ENABLE_USER_SCRIPT_SANDBOXING = YES;
				GCC_C_LANGUAGE_STANDARD = gnu17;
				GCC_DYNAMIC_NO_PIC = NO;
				GCC_NO_COMMON_BLOCKS = YES;
				GCC_OPTIMIZATION_LEVEL = 0;
				GCC_PREPROCESSOR_DEFINITIONS = (
					"DEBUG=1",
					"$(inherited)",
				);
				GCC_WARN_64_TO_32_BIT_CONVERSION = YES;
				GCC_WARN_ABOUT_RETURN_TYPE = YES_ERROR;
				GCC_WARN_UNDECLARED_SELECTOR = YES;
				GCC_WARN_UNINITIALIZED_AUTOS = YES_AGGRESSIVE;
				GCC_WARN_UNUSED_FUNCTION = YES;
				GCC_WARN_UNUSED_VARIABLE = YES;
				IPHONEOS_DEPLOYMENT_TARGET = 17.6;
				LOCALIZATION_PREFERS_STRING_CATALOGS = YES;
				MTL_ENABLE_DEBUG_INFO = INCLUDE_SOURCE;
				MTL_FAST_MATH = YES;
				ONLY_ACTIVE_ARCH = YES;
				SDKROOT = iphoneos;
				SWIFT_ACTIVE_COMPILATION_CONDITIONS = "DEBUG $(inherited)";
				SWIFT_OPTIMIZATION_LEVEL = "-Onone";
			};
			name = Local;
		};
		9A1B2C3D4E5F60718293A402 /* Local */ = {
			isa = XCBuildConfiguration;
			buildSettings = {
				ASSETCATALOG_COMPILER_APPICON_NAME = AppIcon;
				ASSETCATALOG_COMPILER_GLOBAL_ACCENT_COLOR_NAME = AccentColor;
				CODE_SIGN_STYLE = Automatic;
				CURRENT_PROJECT_VERSION = 1;
				DEVELOPMENT_TEAM = M5YPTF3F3J;
				ENABLE_PREVIEWS = YES;
				GENERATE_INFOPLIST_FILE = NO;
				INFOPLIST_FILE = Info.plist;
				INFOPLIST_KEY_UIApplicationSceneManifest_Generation = YES;
				INFOPLIST_KEY_UIApplicationSupportsIndirectInputEvents = YES;
				INFOPLIST_KEY_UILaunchScreen_Generation = YES;
				INFOPLIST_KEY_UISupportedInterfaceOrientations_iPad = "UIInterfaceOrientationPortrait UIInterfaceOrientationPortraitUpsideDown UIInterfaceOrientationLandscapeLeft UIInterfaceOrientationLandscapeRight";
				INFOPLIST_KEY_UISupportedInterfaceOrientations_iPhone = "UIInterfaceOrientationPortrait UIInterfaceOrientationLandscapeLeft UIInterfaceOrientationLandscapeRight";
				IPHONEOS_DEPLOYMENT_TARGET = 17.6;
				LD_RUNPATH_SEARCH_PATHS = (
					"$(inherited)",
					"@executable_path/Frameworks",
				);
				MARKETING_VERSION = 1.0;
				PRODUCT_BUNDLE_IDENTIFIER = "com.arystan.almasuly.sunnad-ios.local";
				PRODUCT_NAME = "$(TARGET_NAME)";
				STRING_CATALOG_GENERATE_SYMBOLS = YES;
				SUNNAD_ANALYTICS_ENABLED = 1;
				SUNNAD_AUTH_APPLE_ENABLED_BUNDLE = NO;
				SUNNAD_AUTH_GOOGLE_ENABLED_BUNDLE = YES;
				SUNNAD_AUTH_REDIRECT_URL_BUNDLE = "adat://auth-callback";
				SUNNAD_AUTH_RESEND_COOLDOWN_SECONDS_BUNDLE = 120;
					SUNNAD_BUNDLE_DISPLAY_NAME_BUNDLE = "Adat Local";
					SUNNAD_ONESIGNAL_APP_ID_BUNDLE = "";
					SUNNAD_ONESIGNAL_APP_GROUP_ID_BUNDLE = "group.com.arystan.almasuly.sunnad";
					SUNNAD_POSTHOG_API_KEY = "";
					SUNNAD_POSTHOG_HOST = "https://eu.i.posthog.com";
				SUNNAD_STORAGE_NAMESPACE_BUNDLE = local;
				SUNNAD_SUPABASE_ANON_KEY_BUNDLE = sb_publishable_ACJWlzQHlZjBrEguHvfOxg_3BJgxAaH;
				SUNNAD_SUPABASE_URL_BUNDLE = "http://127.0.0.1:55421";
				SWIFT_APPROACHABLE_CONCURRENCY = YES;
				SWIFT_DEFAULT_ACTOR_ISOLATION = MainActor;
				SWIFT_EMIT_LOC_STRINGS = YES;
				SWIFT_UPCOMING_FEATURE_MEMBER_IMPORT_VISIBILITY = YES;
				SWIFT_VERSION = 5.0;
				TARGETED_DEVICE_FAMILY = "1,2";
			};
			name = Local;
		};
/* End XCBuildConfiguration section */

/* Begin XCConfigurationList section */
		47C8D7142F44B4DC006F8DF3 /* Build configuration list for PBXProject "sunnad-ios" */ = {
			isa = XCConfigurationList;
			buildConfigurations = (
				47C8D73A2F44B4DD006F8DF3 /* Debug */,
				9A1B2C3D4E5F60718293A401 /* Local */,
				47C8D73B2F44B4DD006F8DF3 /* Release */,
			);
			defaultConfigurationIsVisible = 0;
			defaultConfigurationName = Release;
		};
		47C8D73C2F44B4DD006F8DF3 /* Build configuration list for PBXNativeTarget "sunnad-ios" */ = {
			isa = XCConfigurationList;
			buildConfigurations = (
				47C8D73D2F44B4DD006F8DF3 /* Debug */,
				9A1B2C3D4E5F60718293A402 /* Local */,
				47C8D73E2F44B4DD006F8DF3 /* Release */,
			);
			defaultConfigurationIsVisible = 0;
			defaultConfigurationName = Release;
		};
		A31E9D1F2F70000100A7A101 /* Build configuration list for PBXNativeTarget "sunnad-iosNotificationServiceExtension" */ = {
			isa = XCConfigurationList;
			buildConfigurations = (
				A31E9D202F70000100A7A101 /* Debug */,
				A31E9D222F70000100A7A101 /* Local */,
				A31E9D212F70000100A7A101 /* Release */,
			);
			defaultConfigurationIsVisible = 0;
			defaultConfigurationName = Release;
		};
		47C8D73F2F44B4DD006F8DF3 /* Build configuration list for PBXNativeTarget "sunnad-iosTests" */ = {
			isa = XCConfigurationList;
			buildConfigurations = (
				47C8D7402F44B4DD006F8DF3 /* Debug */,
				47C8D7412F44B4DD006F8DF3 /* Release */,
				47A69F1B2F4DE12200BC3F31 /* Local */,
			);
			defaultConfigurationIsVisible = 0;
			defaultConfigurationName = Release;
		};
		47C8D7422F44B4DD006F8DF3 /* Build configuration list for PBXNativeTarget "sunnad-iosUITests" */ = {
			isa = XCConfigurationList;
			buildConfigurations = (
				47C8D7432F44B4DD006F8DF3 /* Debug */,
				47C8D7442F44B4DD006F8DF3 /* Release */,
				47A69F1C2F4DE12200BC3F31 /* Local */,
			);
			defaultConfigurationIsVisible = 0;
			defaultConfigurationName = Release;
		};
/* End XCConfigurationList section */

/* Begin XCRemoteSwiftPackageReference section */
		A31E9D132F70000100A7A101 /* XCRemoteSwiftPackageReference "OneSignal-iOS-SDK" */ = {
			isa = XCRemoteSwiftPackageReference;
			repositoryURL = "https://github.com/OneSignal/OneSignal-iOS-SDK.git";
			requirement = {
				kind = upToNextMajorVersion;
				minimumVersion = 5.2.16;
			};
		};
		47A69F1D2F4DE15800BC3F31 /* XCRemoteSwiftPackageReference "posthog-ios" */ = {
			isa = XCRemoteSwiftPackageReference;
			repositoryURL = "https://github.com/PostHog/posthog-ios.git";
			requirement = {
				kind = upToNextMajorVersion;
				minimumVersion = 3.41.2;
			};
		};
		A1D9E801D7D14B9A8A5E2001 /* XCRemoteSwiftPackageReference "supabase-swift" */ = {
			isa = XCRemoteSwiftPackageReference;
			repositoryURL = "https://github.com/supabase/supabase-swift.git";
			requirement = {
				kind = upToNextMajorVersion;
				minimumVersion = 2.19.0;
			};
		};
/* End XCRemoteSwiftPackageReference section */

/* Begin XCSwiftPackageProductDependency section */
		A31E9D122F70000100A7A101 /* OneSignalFramework */ = {
			isa = XCSwiftPackageProductDependency;
			package = A31E9D132F70000100A7A101 /* XCRemoteSwiftPackageReference "OneSignal-iOS-SDK" */;
			productName = OneSignalFramework;
		};
		A31E9D232F70000100A7A101 /* OneSignalExtension */ = {
			isa = XCSwiftPackageProductDependency;
			package = A31E9D132F70000100A7A101 /* XCRemoteSwiftPackageReference "OneSignal-iOS-SDK" */;
			productName = OneSignalExtension;
		};
		47A69F1E2F4DE15800BC3F31 /* PostHog */ = {
			isa = XCSwiftPackageProductDependency;
			package = 47A69F1D2F4DE15800BC3F31 /* XCRemoteSwiftPackageReference "posthog-ios" */;
			productName = PostHog;
		};
		A1D9E801D7D14B9A8A5E1001 /* Supabase */ = {
			isa = XCSwiftPackageProductDependency;
			package = A1D9E801D7D14B9A8A5E2001 /* XCRemoteSwiftPackageReference "supabase-swift" */;
			productName = Supabase;
		};
/* End XCSwiftPackageProductDependency section */
	};
	rootObject = 47C8D7112F44B4DC006F8DF3 /* Project object */;
}
